// !$*UTF8*$!
{
	archiveVersion = 1;
	classes = {
	};
	objectVersion = 55;
	objects = {

/* Begin PBXBuildFile section */
		5095C10827F4698800F9520D /* AppDelegate.swift in Sources */ = {isa = PBXBuildFile; fileRef = 5095C10727F4698800F9520D /* AppDelegate.swift */; };
		5095C10A27F4698800F9520D /* SceneDelegate.swift in Sources */ = {isa = PBXBuildFile; fileRef = 5095C10927F4698800F9520D /* SceneDelegate.swift */; };
		5095C10C27F4698800F9520D /* CsvReaderViewController.swift in Sources */ = {isa = PBXBuildFile; fileRef = 5095C10B27F4698800F9520D /* CsvReaderViewController.swift */; };
		5095C10F27F4698800F9520D /* Main.storyboard in Resources */ = {isa = PBXBuildFile; fileRef = 5095C10D27F4698800F9520D /* Main.storyboard */; };
		5095C11127F4698900F9520D /* Assets.xcassets in Resources */ = {isa = PBXBuildFile; fileRef = 5095C11027F4698900F9520D /* Assets.xcassets */; };
		5095C11427F4698900F9520D /* LaunchScreen.storyboard in Resources */ = {isa = PBXBuildFile; fileRef = 5095C11227F4698900F9520D /* LaunchScreen.storyboard */; };
		5095C12927F4698900F9520D /* CSVReaderUITests.swift in Sources */ = {isa = PBXBuildFile; fileRef = 5095C12827F4698900F9520D /* CSVReaderUITests.swift */; };
		5095C12B27F4698900F9520D /* CSVReaderUITestsLaunchTests.swift in Sources */ = {isa = PBXBuildFile; fileRef = 5095C12A27F4698900F9520D /* CSVReaderUITestsLaunchTests.swift */; };
		509BEE6428097CAA00E887D0 /* CsvContentSearchTest.swift in Sources */ = {isa = PBXBuildFile; fileRef = 509BEE6328097CAA00E887D0 /* CsvContentSearchTest.swift */; };
		50A6B7B327F5631A00AC81C1 /* issue.csv in Resources */ = {isa = PBXBuildFile; fileRef = 50A6B7B227F5631A00AC81C1 /* issue.csv */; };
		50A6B7B527F5A0E800AC81C1 /* Issue.swift in Sources */ = {isa = PBXBuildFile; fileRef = 50A6B7B427F5A0E800AC81C1 /* Issue.swift */; };
		50A6B7B727F5A16F00AC81C1 /* CsvParser.swift in Sources */ = {isa = PBXBuildFile; fileRef = 50A6B7B627F5A16F00AC81C1 /* CsvParser.swift */; };
		50A6B7B927F5AB8500AC81C1 /* CsvDecoder.swift in Sources */ = {isa = PBXBuildFile; fileRef = 50A6B7B827F5AB8500AC81C1 /* CsvDecoder.swift */; };
		50A6B7BB27F60B2D00AC81C1 /* CsvDetailsTableViewCell.swift in Sources */ = {isa = PBXBuildFile; fileRef = 50A6B7BA27F60B2D00AC81C1 /* CsvDetailsTableViewCell.swift */; };
		50ADA55A2800533500243D6F /* CsvParserTest.swift in Sources */ = {isa = PBXBuildFile; fileRef = 50ADA5592800533500243D6F /* CsvParserTest.swift */; };
		50ADA55C2800534500243D6F /* CsvDecoderTest.swift in Sources */ = {isa = PBXBuildFile; fileRef = 50ADA55B2800534500243D6F /* CsvDecoderTest.swift */; };
		50ADA55E28044D3400243D6F /* CsvDocumentBrowser.swift in Sources */ = {isa = PBXBuildFile; fileRef = 50ADA55D28044D3400243D6F /* CsvDocumentBrowser.swift */; };
/* End PBXBuildFile section */

/* Begin PBXContainerItemProxy section */
		5095C11B27F4698900F9520D /* PBXContainerItemProxy */ = {
			isa = PBXContainerItemProxy;
			containerPortal = 5095C0FC27F4698800F9520D /* Project object */;
			proxyType = 1;
			remoteGlobalIDString = 5095C10327F4698800F9520D;
			remoteInfo = CSVReader;
		};
		5095C12527F4698900F9520D /* PBXContainerItemProxy */ = {
			isa = PBXContainerItemProxy;
			containerPortal = 5095C0FC27F4698800F9520D /* Project object */;
			proxyType = 1;
			remoteGlobalIDString = 5095C10327F4698800F9520D;
			remoteInfo = CSVReader;
		};
/* End PBXContainerItemProxy section */

/* Begin PBXFileReference section */
		5095C10427F4698800F9520D /* CSVReader.app */ = {isa = PBXFileReference; explicitFileType = wrapper.application; includeInIndex = 0; path = CSVReader.app; sourceTree = BUILT_PRODUCTS_DIR; };
		5095C10727F4698800F9520D /* AppDelegate.swift */ = {isa = PBXFileReference; lastKnownFileType = sourcecode.swift; path = AppDelegate.swift; sourceTree = "<group>"; };
		5095C10927F4698800F9520D /* SceneDelegate.swift */ = {isa = PBXFileReference; lastKnownFileType = sourcecode.swift; path = SceneDelegate.swift; sourceTree = "<group>"; };
		5095C10B27F4698800F9520D /* CsvReaderViewController.swift */ = {isa = PBXFileReference; lastKnownFileType = sourcecode.swift; path = CsvReaderViewController.swift; sourceTree = "<group>"; };
		5095C10E27F4698800F9520D /* Base */ = {isa = PBXFileReference; lastKnownFileType = file.storyboard; name = Base; path = Base.lproj/Main.storyboard; sourceTree = "<group>"; };
		5095C11027F4698900F9520D /* Assets.xcassets */ = {isa = PBXFileReference; lastKnownFileType = folder.assetcatalog; path = Assets.xcassets; sourceTree = "<group>"; };
		5095C11327F4698900F9520D /* Base */ = {isa = PBXFileReference; lastKnownFileType = file.storyboard; name = Base; path = Base.lproj/LaunchScreen.storyboard; sourceTree = "<group>"; };
		5095C11527F4698900F9520D /* Info.plist */ = {isa = PBXFileReference; lastKnownFileType = text.plist.xml; path = Info.plist; sourceTree = "<group>"; };
		5095C11A27F4698900F9520D /* CSVReaderTests.xctest */ = {isa = PBXFileReference; explicitFileType = wrapper.cfbundle; includeInIndex = 0; path = CSVReaderTests.xctest; sourceTree = BUILT_PRODUCTS_DIR; };
		5095C12427F4698900F9520D /* CSVReaderUITests.xctest */ = {isa = PBXFileReference; explicitFileType = wrapper.cfbundle; includeInIndex = 0; path = CSVReaderUITests.xctest; sourceTree = BUILT_PRODUCTS_DIR; };
		5095C12827F4698900F9520D /* CSVReaderUITests.swift */ = {isa = PBXFileReference; lastKnownFileType = sourcecode.swift; path = CSVReaderUITests.swift; sourceTree = "<group>"; };
		5095C12A27F4698900F9520D /* CSVReaderUITestsLaunchTests.swift */ = {isa = PBXFileReference; lastKnownFileType = sourcecode.swift; path = CSVReaderUITestsLaunchTests.swift; sourceTree = "<group>"; };
		509BEE6328097CAA00E887D0 /* CsvContentSearchTest.swift */ = {isa = PBXFileReference; lastKnownFileType = sourcecode.swift; path = CsvContentSearchTest.swift; sourceTree = "<group>"; };
		50A6B7B227F5631A00AC81C1 /* issue.csv */ = {isa = PBXFileReference; fileEncoding = 4; lastKnownFileType = text; path = issue.csv; sourceTree = "<group>"; };
		50A6B7B427F5A0E800AC81C1 /* Issue.swift */ = {isa = PBXFileReference; lastKnownFileType = sourcecode.swift; path = Issue.swift; sourceTree = "<group>"; };
		50A6B7B627F5A16F00AC81C1 /* CsvParser.swift */ = {isa = PBXFileReference; lastKnownFileType = sourcecode.swift; path = CsvParser.swift; sourceTree = "<group>"; };
		50A6B7B827F5AB8500AC81C1 /* CsvDecoder.swift */ = {isa = PBXFileReference; lastKnownFileType = sourcecode.swift; path = CsvDecoder.swift; sourceTree = "<group>"; };
		50A6B7BA27F60B2D00AC81C1 /* CsvDetailsTableViewCell.swift */ = {isa = PBXFileReference; lastKnownFileType = sourcecode.swift; path = CsvDetailsTableViewCell.swift; sourceTree = "<group>"; };
		50ADA5592800533500243D6F /* CsvParserTest.swift */ = {isa = PBXFileReference; lastKnownFileType = sourcecode.swift; path = CsvParserTest.swift; sourceTree = "<group>"; };
		50ADA55B2800534500243D6F /* CsvDecoderTest.swift */ = {isa = PBXFileReference; lastKnownFileType = sourcecode.swift; path = CsvDecoderTest.swift; sourceTree = "<group>"; };
		50ADA55D28044D3400243D6F /* CsvDocumentBrowser.swift */ = {isa = PBXFileReference; lastKnownFileType = sourcecode.swift; path = CsvDocumentBrowser.swift; sourceTree = "<group>"; };
		50ADA55F2804533B00243D6F /* CSVReader.entitlements */ = {isa = PBXFileReference; lastKnownFileType = text.plist.entitlements; path = CSVReader.entitlements; sourceTree = "<group>"; };
/* End PBXFileReference section */

/* Begin PBXFrameworksBuildPhase section */
		5095C10127F4698800F9520D /* Frameworks */ = {
			isa = PBXFrameworksBuildPhase;
			buildActionMask = 2147483647;
			files = (
			);
			runOnlyForDeploymentPostprocessing = 0;
		};
		5095C11727F4698900F9520D /* Frameworks */ = {
			isa = PBXFrameworksBuildPhase;
			buildActionMask = 2147483647;
			files = (
			);
			runOnlyForDeploymentPostprocessing = 0;
		};
		5095C12127F4698900F9520D /* Frameworks */ = {
			isa = PBXFrameworksBuildPhase;
			buildActionMask = 2147483647;
			files = (
			);
			runOnlyForDeploymentPostprocessing = 0;
		};
/* End PBXFrameworksBuildPhase section */

/* Begin PBXGroup section */
		5095C0FB27F4698800F9520D = {
			isa = PBXGroup;
			children = (
				5095C10627F4698800F9520D /* CSVReader */,
				5095C11D27F4698900F9520D /* CSVReaderTests */,
				5095C12727F4698900F9520D /* CSVReaderUITests */,
				5095C10527F4698800F9520D /* Products */,
			);
			sourceTree = "<group>";
		};
		5095C10527F4698800F9520D /* Products */ = {
			isa = PBXGroup;
			children = (
				5095C10427F4698800F9520D /* CSVReader.app */,
				5095C11A27F4698900F9520D /* CSVReaderTests.xctest */,
				5095C12427F4698900F9520D /* CSVReaderUITests.xctest */,
			);
			name = Products;
			sourceTree = "<group>";
		};
		5095C10627F4698800F9520D /* CSVReader */ = {
			isa = PBXGroup;
			children = (
				50ADA55F2804533B00243D6F /* CSVReader.entitlements */,
				50A6B7C127F6128D00AC81C1 /* Resources */,
				50A6B7C027F6125000AC81C1 /* Storyboard */,
				50A6B7BF27F6124400AC81C1 /* Helper */,
				50A6B7BE27F6123200AC81C1 /* Model */,
				50A6B7BD27F6122800AC81C1 /* Controller */,
				50A6B7BC27F6121D00AC81C1 /* View */,
				5095C10727F4698800F9520D /* AppDelegate.swift */,
				5095C10927F4698800F9520D /* SceneDelegate.swift */,
				5095C11027F4698900F9520D /* Assets.xcassets */,
				5095C11527F4698900F9520D /* Info.plist */,
			);
			path = CSVReader;
			sourceTree = "<group>";
		};
		5095C11D27F4698900F9520D /* CSVReaderTests */ = {
			isa = PBXGroup;
			children = (
				50ADA5592800533500243D6F /* CsvParserTest.swift */,
				50ADA55B2800534500243D6F /* CsvDecoderTest.swift */,
				509BEE6328097CAA00E887D0 /* CsvContentSearchTest.swift */,
			);
			path = CSVReaderTests;
			sourceTree = "<group>";
		};
		5095C12727F4698900F9520D /* CSVReaderUITests */ = {
			isa = PBXGroup;
			children = (
				5095C12827F4698900F9520D /* CSVReaderUITests.swift */,
				5095C12A27F4698900F9520D /* CSVReaderUITestsLaunchTests.swift */,
			);
			path = CSVReaderUITests;
			sourceTree = "<group>";
		};
		509BEE5F2809778D00E887D0 /* CsvReader */ = {
			isa = PBXGroup;
			children = (
				5095C10B27F4698800F9520D /* CsvReaderViewController.swift */,
			);
			path = CsvReader;
			sourceTree = "<group>";
		};
		50A6B7BC27F6121D00AC81C1 /* View */ = {
			isa = PBXGroup;
			children = (
				50A6B7BA27F60B2D00AC81C1 /* CsvDetailsTableViewCell.swift */,
			);
			path = View;
			sourceTree = "<group>";
		};
		50A6B7BD27F6122800AC81C1 /* Controller */ = {
			isa = PBXGroup;
			children = (
				509BEE5F2809778D00E887D0 /* CsvReader */,
			);
			path = Controller;
			sourceTree = "<group>";
		};
		50A6B7BE27F6123200AC81C1 /* Model */ = {
			isa = PBXGroup;
			children = (
				50A6B7B427F5A0E800AC81C1 /* Issue.swift */,
			);
			path = Model;
			sourceTree = "<group>";
		};
		50A6B7BF27F6124400AC81C1 /* Helper */ = {
			isa = PBXGroup;
			children = (
				50A6B7B627F5A16F00AC81C1 /* CsvParser.swift */,
				50A6B7B827F5AB8500AC81C1 /* CsvDecoder.swift */,
				50ADA55D28044D3400243D6F /* CsvDocumentBrowser.swift */,
			);
			path = Helper;
			sourceTree = "<group>";
		};
		50A6B7C027F6125000AC81C1 /* Storyboard */ = {
			isa = PBXGroup;
			children = (
				5095C10D27F4698800F9520D /* Main.storyboard */,
				5095C11227F4698900F9520D /* LaunchScreen.storyboard */,
			);
			path = Storyboard;
			sourceTree = "<group>";
		};
		50A6B7C127F6128D00AC81C1 /* Resources */ = {
			isa = PBXGroup;
			children = (
				50A6B7B227F5631A00AC81C1 /* issue.csv */,
			);
			path = Resources;
			sourceTree = "<group>";
		};
/* End PBXGroup section */

/* Begin PBXNativeTarget section */
		5095C10327F4698800F9520D /* CSVReader */ = {
			isa = PBXNativeTarget;
			buildConfigurationList = 5095C12E27F4698900F9520D /* Build configuration list for PBXNativeTarget "CSVReader" */;
			buildPhases = (
				5095C10027F4698800F9520D /* Sources */,
				5095C10127F4698800F9520D /* Frameworks */,
				5095C10227F4698800F9520D /* Resources */,
			);
			buildRules = (
			);
			dependencies = (
			);
			name = CSVReader;
			productName = CSVReader;
			productReference = 5095C10427F4698800F9520D /* CSVReader.app */;
			productType = "com.apple.product-type.application";
		};
		5095C11927F4698900F9520D /* CSVReaderTests */ = {
			isa = PBXNativeTarget;
			buildConfigurationList = 5095C13127F4698900F9520D /* Build configuration list for PBXNativeTarget "CSVReaderTests" */;
			buildPhases = (
				5095C11627F4698900F9520D /* Sources */,
				5095C11727F4698900F9520D /* Frameworks */,
				5095C11827F4698900F9520D /* Resources */,
			);
			buildRules = (
			);
			dependencies = (
				5095C11C27F4698900F9520D /* PBXTargetDependency */,
			);
			name = CSVReaderTests;
			productName = CSVReaderTests;
			productReference = 5095C11A27F4698900F9520D /* CSVReaderTests.xctest */;
			productType = "com.apple.product-type.bundle.unit-test";
		};
		5095C12327F4698900F9520D /* CSVReaderUITests */ = {
			isa = PBXNativeTarget;
			buildConfigurationList = 5095C13427F4698900F9520D /* Build configuration list for PBXNativeTarget "CSVReaderUITests" */;
			buildPhases = (
				5095C12027F4698900F9520D /* Sources */,
				5095C12127F4698900F9520D /* Frameworks */,
				5095C12227F4698900F9520D /* Resources */,
			);
			buildRules = (
			);
			dependencies = (
				5095C12627F4698900F9520D /* PBXTargetDependency */,
			);
			name = CSVReaderUITests;
			productName = CSVReaderUITests;
			productReference = 5095C12427F4698900F9520D /* CSVReaderUITests.xctest */;
			productType = "com.apple.product-type.bundle.ui-testing";
		};
/* End PBXNativeTarget section */

/* Begin PBXProject section */
		5095C0FC27F4698800F9520D /* Project object */ = {
			isa = PBXProject;
			attributes = {
				BuildIndependentTargetsInParallel = 1;
				LastSwiftUpdateCheck = 1330;
				LastUpgradeCheck = 1330;
				TargetAttributes = {
					5095C10327F4698800F9520D = {
						CreatedOnToolsVersion = 13.3;
					};
					5095C11927F4698900F9520D = {
						CreatedOnToolsVersion = 13.3;
						TestTargetID = 5095C10327F4698800F9520D;
					};
					5095C12327F4698900F9520D = {
						CreatedOnToolsVersion = 13.3;
						TestTargetID = 5095C10327F4698800F9520D;
					};
				};
			};
			buildConfigurationList = 5095C0FF27F4698800F9520D /* Build configuration list for PBXProject "CSVReader" */;
			compatibilityVersion = "Xcode 13.0";
			developmentRegion = en;
			hasScannedForEncodings = 0;
			knownRegions = (
				en,
				Base,
			);
			mainGroup = 5095C0FB27F4698800F9520D;
			productRefGroup = 5095C10527F4698800F9520D /* Products */;
			projectDirPath = "";
			projectRoot = "";
			targets = (
				5095C10327F4698800F9520D /* CSVReader */,
				5095C11927F4698900F9520D /* CSVReaderTests */,
				5095C12327F4698900F9520D /* CSVReaderUITests */,
			);
		};
/* End PBXProject section */

/* Begin PBXResourcesBuildPhase section */
		5095C10227F4698800F9520D /* Resources */ = {
			isa = PBXResourcesBuildPhase;
			buildActionMask = 2147483647;
			files = (
				50A6B7B327F5631A00AC81C1 /* issue.csv in Resources */,
				5095C11427F4698900F9520D /* LaunchScreen.storyboard in Resources */,
				5095C11127F4698900F9520D /* Assets.xcassets in Resources */,
				5095C10F27F4698800F9520D /* Main.storyboard in Resources */,
			);
			runOnlyForDeploymentPostprocessing = 0;
		};
		5095C11827F4698900F9520D /* Resources */ = {
			isa = PBXResourcesBuildPhase;
			buildActionMask = 2147483647;
			files = (
			);
			runOnlyForDeploymentPostprocessing = 0;
		};
		5095C12227F4698900F9520D /* Resources */ = {
			isa = PBXResourcesBuildPhase;
			buildActionMask = 2147483647;
			files = (
			);
			runOnlyForDeploymentPostprocessing = 0;
		};
/* End PBXResourcesBuildPhase section */

/* Begin PBXSourcesBuildPhase section */
		5095C10027F4698800F9520D /* Sources */ = {
			isa = PBXSourcesBuildPhase;
			buildActionMask = 2147483647;
			files = (
				5095C10C27F4698800F9520D /* CsvReaderViewController.swift in Sources */,
				50A6B7B927F5AB8500AC81C1 /* CsvDecoder.swift in Sources */,
				50A6B7BB27F60B2D00AC81C1 /* CsvDetailsTableViewCell.swift in Sources */,
				50ADA55E28044D3400243D6F /* CsvDocumentBrowser.swift in Sources */,
				50A6B7B727F5A16F00AC81C1 /* CsvParser.swift in Sources */,
				5095C10827F4698800F9520D /* AppDelegate.swift in Sources */,
				5095C10A27F4698800F9520D /* SceneDelegate.swift in Sources */,
				50A6B7B527F5A0E800AC81C1 /* Issue.swift in Sources */,
			);
			runOnlyForDeploymentPostprocessing = 0;
		};
		5095C11627F4698900F9520D /* Sources */ = {
			isa = PBXSourcesBuildPhase;
			buildActionMask = 2147483647;
			files = (
				509BEE6428097CAA00E887D0 /* CsvContentSearchTest.swift in Sources */,
				50ADA55C2800534500243D6F /* CsvDecoderTest.swift in Sources */,
				50ADA55A2800533500243D6F /* CsvParserTest.swift in Sources */,
			);
			runOnlyForDeploymentPostprocessing = 0;
		};
		5095C12027F4698900F9520D /* Sources */ = {
			isa = PBXSourcesBuildPhase;
			buildActionMask = 2147483647;
			files = (
				5095C12B27F4698900F9520D /* CSVReaderUITestsLaunchTests.swift in Sources */,
				5095C12927F4698900F9520D /* CSVReaderUITests.swift in Sources */,
			);
			runOnlyForDeploymentPostprocessing = 0;
		};
/* End PBXSourcesBuildPhase section */

/* Begin PBXTargetDependency section */
		5095C11C27F4698900F9520D /* PBXTargetDependency */ = {
			isa = PBXTargetDependency;
			target = 5095C10327F4698800F9520D /* CSVReader */;
			targetProxy = 5095C11B27F4698900F9520D /* PBXContainerItemProxy */;
		};
		5095C12627F4698900F9520D /* PBXTargetDependency */ = {
			isa = PBXTargetDependency;
			target = 5095C10327F4698800F9520D /* CSVReader */;
			targetProxy = 5095C12527F4698900F9520D /* PBXContainerItemProxy */;
		};
/* End PBXTargetDependency section */

/* Begin PBXVariantGroup section */
		5095C10D27F4698800F9520D /* Main.storyboard */ = {
			isa = PBXVariantGroup;
			children = (
				5095C10E27F4698800F9520D /* Base */,
			);
			name = Main.storyboard;
			sourceTree = "<group>";
		};
		5095C11227F4698900F9520D /* LaunchScreen.storyboard */ = {
			isa = PBXVariantGroup;
			children = (
				5095C11327F4698900F9520D /* Base */,
			);
			name = LaunchScreen.storyboard;
			sourceTree = "<group>";
		};
/* End PBXVariantGroup section */

/* Begin XCBuildConfiguration section */
		5095C12C27F4698900F9520D /* Debug */ = {
			isa = XCBuildConfiguration;
			buildSettings = {
				ALWAYS_SEARCH_USER_PATHS = NO;
				CLANG_ANALYZER_NONNULL = YES;
				CLANG_ANALYZER_NUMBER_OBJECT_CONVERSION = YES_AGGRESSIVE;
				CLANG_CXX_LANGUAGE_STANDARD = "gnu++17";
				CLANG_ENABLE_MODULES = YES;
				CLANG_ENABLE_OBJC_ARC = YES;
				CLANG_ENABLE_OBJC_WEAK = YES;
				CLANG_WARN_BLOCK_CAPTURE_AUTORELEASING = YES;
				CLANG_WARN_BOOL_CONVERSION = YES;
				CLANG_WARN_COMMA = YES;
				CLANG_WARN_CONSTANT_CONVERSION = YES;
				CLANG_WARN_DEPRECATED_OBJC_IMPLEMENTATIONS = YES;
				CLANG_WARN_DIRECT_OBJC_ISA_USAGE = YES_ERROR;
				CLANG_WARN_DOCUMENTATION_COMMENTS = YES;
				CLANG_WARN_EMPTY_BODY = YES;
				CLANG_WARN_ENUM_CONVERSION = YES;
				CLANG_WARN_INFINITE_RECURSION = YES;
				CLANG_WARN_INT_CONVERSION = YES;
				CLANG_WARN_NON_LITERAL_NULL_CONVERSION = YES;
				CLANG_WARN_OBJC_IMPLICIT_RETAIN_SELF = YES;
				CLANG_WARN_OBJC_LITERAL_CONVERSION = YES;
				CLANG_WARN_OBJC_ROOT_CLASS = YES_ERROR;
				CLANG_WARN_QUOTED_INCLUDE_IN_FRAMEWORK_HEADER = YES;
				CLANG_WARN_RANGE_LOOP_ANALYSIS = YES;
				CLANG_WARN_STRICT_PROTOTYPES = YES;
				CLANG_WARN_SUSPICIOUS_MOVE = YES;
				CLANG_WARN_UNGUARDED_AVAILABILITY = YES_AGGRESSIVE;
				CLANG_WARN_UNREACHABLE_CODE = YES;
				CLANG_WARN__DUPLICATE_METHOD_MATCH = YES;
				COPY_PHASE_STRIP = NO;
				DEBUG_INFORMATION_FORMAT = dwarf;
				ENABLE_STRICT_OBJC_MSGSEND = YES;
				ENABLE_TESTABILITY = YES;
				GCC_C_LANGUAGE_STANDARD = gnu11;
				GCC_DYNAMIC_NO_PIC = NO;
				GCC_NO_COMMON_BLOCKS = YES;
				GCC_OPTIMIZATION_LEVEL = 0;
				GCC_PREPROCESSOR_DEFINITIONS = (
					"DEBUG=1",
					"$(inherited)",
				);
				GCC_WARN_64_TO_32_BIT_CONVERSION = YES;
				GCC_WARN_ABOUT_RETURN_TYPE = YES_ERROR;
				GCC_WARN_UNDECLARED_SELECTOR = YES;
				GCC_WARN_UNINITIALIZED_AUTOS = YES_AGGRESSIVE;
				GCC_WARN_UNUSED_FUNCTION = YES;
				GCC_WARN_UNUSED_VARIABLE = YES;
				IPHONEOS_DEPLOYMENT_TARGET = 15.4;
				MTL_ENABLE_DEBUG_INFO = INCLUDE_SOURCE;
				MTL_FAST_MATH = YES;
				ONLY_ACTIVE_ARCH = YES;
				SDKROOT = iphoneos;
				SWIFT_ACTIVE_COMPILATION_CONDITIONS = DEBUG;
				SWIFT_OPTIMIZATION_LEVEL = "-Onone";
			};
			name = Debug;
		};
		5095C12D27F4698900F9520D /* Release */ = {
			isa = XCBuildConfiguration;
			buildSettings = {
				ALWAYS_SEARCH_USER_PATHS = NO;
				CLANG_ANALYZER_NONNULL = YES;
				CLANG_ANALYZER_NUMBER_OBJECT_CONVERSION = YES_AGGRESSIVE;
				CLANG_CXX_LANGUAGE_STANDARD = "gnu++17";
				CLANG_ENABLE_MODULES = YES;
				CLANG_ENABLE_OBJC_ARC = YES;
				CLANG_ENABLE_OBJC_WEAK = YES;
				CLANG_WARN_BLOCK_CAPTURE_AUTORELEASING = YES;
				CLANG_WARN_BOOL_CONVERSION = YES;
				CLANG_WARN_COMMA = YES;
				CLANG_WARN_CONSTANT_CONVERSION = YES;
				CLANG_WARN_DEPRECATED_OBJC_IMPLEMENTATIONS = YES;
				CLANG_WARN_DIRECT_OBJC_ISA_USAGE = YES_ERROR;
				CLANG_WARN_DOCUMENTATION_COMMENTS = YES;
				CLANG_WARN_EMPTY_BODY = YES;
				CLANG_WARN_ENUM_CONVERSION = YES;
				CLANG_WARN_INFINITE_RECURSION = YES;
				CLANG_WARN_INT_CONVERSION = YES;
				CLANG_WARN_NON_LITERAL_NULL_CONVERSION = YES;
				CLANG_WARN_OBJC_IMPLICIT_RETAIN_SELF = YES;
				CLANG_WARN_OBJC_LITERAL_CONVERSION = YES;
				CLANG_WARN_OBJC_ROOT_CLASS = YES_ERROR;
				CLANG_WARN_QUOTED_INCLUDE_IN_FRAMEWORK_HEADER = YES;
				CLANG_WARN_RANGE_LOOP_ANALYSIS = YES;
				CLANG_WARN_STRICT_PROTOTYPES = YES;
				CLANG_WARN_SUSPICIOUS_MOVE = YES;
				CLANG_WARN_UNGUARDED_AVAILABILITY = YES_AGGRESSIVE;
				CLANG_WARN_UNREACHABLE_CODE = YES;
				CLANG_WARN__DUPLICATE_METHOD_MATCH = YES;
				COPY_PHASE_STRIP = NO;
				DEBUG_INFORMATION_FORMAT = "dwarf-with-dsym";
				ENABLE_NS_ASSERTIONS = NO;
				ENABLE_STRICT_OBJC_MSGSEND = YES;
				GCC_C_LANGUAGE_STANDARD = gnu11;
				GCC_NO_COMMON_BLOCKS = YES;
				GCC_WARN_64_TO_32_BIT_CONVERSION = YES;
				GCC_WARN_ABOUT_RETURN_TYPE = YES_ERROR;
				GCC_WARN_UNDECLARED_SELECTOR = YES;
				GCC_WARN_UNINITIALIZED_AUTOS = YES_AGGRESSIVE;
				GCC_WARN_UNUSED_FUNCTION = YES;
				GCC_WARN_UNUSED_VARIABLE = YES;
				IPHONEOS_DEPLOYMENT_TARGET = 15.4;
				MTL_ENABLE_DEBUG_INFO = NO;
				MTL_FAST_MATH = YES;
				SDKROOT = iphoneos;
				SWIFT_COMPILATION_MODE = wholemodule;
				SWIFT_OPTIMIZATION_LEVEL = "-O";
				VALIDATE_PRODUCT = YES;
			};
			name = Release;
		};
		5095C12F27F4698900F9520D /* Debug */ = {
			isa = XCBuildConfiguration;
			buildSettings = {
				ASSETCATALOG_COMPILER_APPICON_NAME = AppIcon;
				ASSETCATALOG_COMPILER_GLOBAL_ACCENT_COLOR_NAME = AccentColor;
				CODE_SIGN_ENTITLEMENTS = CSVReader/CSVReader.entitlements;
				CODE_SIGN_STYLE = Automatic;
				CURRENT_PROJECT_VERSION = 1;
				DEVELOPMENT_TEAM = 6XZF5J5YU4;
				GENERATE_INFOPLIST_FILE = YES;
				INFOPLIST_FILE = CSVReader/Info.plist;
				INFOPLIST_KEY_UIApplicationSupportsIndirectInputEvents = YES;
				INFOPLIST_KEY_UILaunchStoryboardName = LaunchScreen;
				INFOPLIST_KEY_UIMainStoryboardFile = Main;
				INFOPLIST_KEY_UISupportedInterfaceOrientations_iPad = "UIInterfaceOrientationPortrait UIInterfaceOrientationPortraitUpsideDown UIInterfaceOrientationLandscapeLeft UIInterfaceOrientationLandscapeRight";
				INFOPLIST_KEY_UISupportedInterfaceOrientations_iPhone = "UIInterfaceOrientationPortrait UIInterfaceOrientationLandscapeLeft UIInterfaceOrientationLandscapeRight";
				LD_RUNPATH_SEARCH_PATHS = (
					"$(inherited)",
					"@executable_path/Frameworks",
				);
				MARKETING_VERSION = 1.0;
				PRODUCT_BUNDLE_IDENTIFIER = com.example.CSVReader;
				PRODUCT_NAME = "$(TARGET_NAME)";
				SWIFT_EMIT_LOC_STRINGS = YES;
				SWIFT_VERSION = 5.0;
				TARGETED_DEVICE_FAMILY = "1,2";
			};
			name = Debug;
		};
		5095C13027F4698900F9520D /* Release */ = {
			isa = XCBuildConfiguration;
			buildSettings = {
				ASSETCATALOG_COMPILER_APPICON_NAME = AppIcon;
				ASSETCATALOG_COMPILER_GLOBAL_ACCENT_COLOR_NAME = AccentColor;
				CODE_SIGN_ENTITLEMENTS = CSVReader/CSVReader.entitlements;
				CODE_SIGN_STYLE = Automatic;
				CURRENT_PROJECT_VERSION = 1;
				DEVELOPMENT_TEAM = 6XZF5J5YU4;
				GENERATE_INFOPLIST_FILE = YES;
				INFOPLIST_FILE = CSVReader/Info.plist;
				INFOPLIST_KEY_UIApplicationSupportsIndirectInputEvents = YES;
				INFOPLIST_KEY_UILaunchStoryboardName = LaunchScreen;
				INFOPLIST_KEY_UIMainStoryboardFile = Main;
				INFOPLIST_KEY_UISupportedInterfaceOrientations_iPad = "UIInterfaceOrientationPortrait UIInterfaceOrientationPortraitUpsideDown UIInterfaceOrientationLandscapeLeft UIInterfaceOrientationLandscapeRight";
				INFOPLIST_KEY_UISupportedInterfaceOrientations_iPhone = "UIInterfaceOrientationPortrait UIInterfaceOrientationLandscapeLeft UIInterfaceOrientationLandscapeRight";
				LD_RUNPATH_SEARCH_PATHS = (
					"$(inherited)",
					"@executable_path/Frameworks",
				);
				MARKETING_VERSION = 1.0;
				PRODUCT_BUNDLE_IDENTIFIER = com.example.CSVReader;
				PRODUCT_NAME = "$(TARGET_NAME)";
				SWIFT_EMIT_LOC_STRINGS = YES;
				SWIFT_VERSION = 5.0;
				TARGETED_DEVICE_FAMILY = "1,2";
			};
			name = Release;
		};
		5095C13227F4698900F9520D /* Debug */ = {
			isa = XCBuildConfiguration;
			buildSettings = {
				ALWAYS_EMBED_SWIFT_STANDARD_LIBRARIES = YES;
				BUNDLE_LOADER = "$(TEST_HOST)";
				CODE_SIGN_STYLE = Automatic;
				CURRENT_PROJECT_VERSION = 1;
				DEVELOPMENT_TEAM = 6XZF5J5YU4;
				GENERATE_INFOPLIST_FILE = YES;
				IPHONEOS_DEPLOYMENT_TARGET = 15.4;
				MARKETING_VERSION = 1.0;
				PRODUCT_BUNDLE_IDENTIFIER = com.example.CSVReaderTests;
				PRODUCT_NAME = "$(TARGET_NAME)";
				SWIFT_EMIT_LOC_STRINGS = NO;
				SWIFT_VERSION = 5.0;
				TARGETED_DEVICE_FAMILY = "1,2";
				TEST_HOST = "$(BUILT_PRODUCTS_DIR)/CSVReader.app/CSVReader";
			};
			name = Debug;
		};
		5095C13327F4698900F9520D /* Release */ = {
			isa = XCBuildConfiguration;
			buildSettings = {
				ALWAYS_EMBED_SWIFT_STANDARD_LIBRARIES = YES;
				BUNDLE_LOADER = "$(TEST_HOST)";
				CODE_SIGN_STYLE = Automatic;
				CURRENT_PROJECT_VERSION = 1;
				DEVELOPMENT_TEAM = 6XZF5J5YU4;
				GENERATE_INFOPLIST_FILE = YES;
				IPHONEOS_DEPLOYMENT_TARGET = 15.4;
				MARKETING_VERSION = 1.0;
				PRODUCT_BUNDLE_IDENTIFIER = com.example.CSVReaderTests;
				PRODUCT_NAME = "$(TARGET_NAME)";
				SWIFT_EMIT_LOC_STRINGS = NO;
				SWIFT_VERSION = 5.0;
				TARGETED_DEVICE_FAMILY = "1,2";
				TEST_HOST = "$(BUILT_PRODUCTS_DIR)/CSVReader.app/CSVReader";
			};
			name = Release;
		};
		5095C13527F4698900F9520D /* Debug */ = {
			isa = XCBuildConfiguration;
			buildSettings = {
				ALWAYS_EMBED_SWIFT_STANDARD_LIBRARIES = YES;
				CODE_SIGN_STYLE = Automatic;
				CURRENT_PROJECT_VERSION = 1;
				DEVELOPMENT_TEAM = 6XZF5J5YU4;
				GENERATE_INFOPLIST_FILE = YES;
				MARKETING_VERSION = 1.0;
				PRODUCT_BUNDLE_IDENTIFIER = com.example.CSVReaderUITests;
				PRODUCT_NAME = "$(TARGET_NAME)";
				SWIFT_EMIT_LOC_STRINGS = NO;
				SWIFT_VERSION = 5.0;
				TARGETED_DEVICE_FAMILY = "1,2";
				TEST_TARGET_NAME = CSVReader;
			};
			name = Debug;
		};
		5095C13627F4698900F9520D /* Release */ = {
			isa = XCBuildConfiguration;
			buildSettings = {
				ALWAYS_EMBED_SWIFT_STANDARD_LIBRARIES = YES;
				CODE_SIGN_STYLE = Automatic;
				CURRENT_PROJECT_VERSION = 1;
				DEVELOPMENT_TEAM = 6XZF5J5YU4;
				GENERATE_INFOPLIST_FILE = YES;
				MARKETING_VERSION = 1.0;
				PRODUCT_BUNDLE_IDENTIFIER = com.example.CSVReaderUITests;
				PRODUCT_NAME = "$(TARGET_NAME)";
				SWIFT_EMIT_LOC_STRINGS = NO;
				SWIFT_VERSION = 5.0;
				TARGETED_DEVICE_FAMILY = "1,2";
				TEST_TARGET_NAME = CSVReader;
			};
			name = Release;
		};
/* End XCBuildConfiguration section */

/* Begin XCConfigurationList section */
		5095C0FF27F4698800F9520D /* Build configuration list for PBXProject "CSVReader" */ = {
			isa = XCConfigurationList;
			buildConfigurations = (
				5095C12C27F4698900F9520D /* Debug */,
				5095C12D27F4698900F9520D /* Release */,
			);
			defaultConfigurationIsVisible = 0;
			defaultConfigurationName = Release;
		};
		5095C12E27F4698900F9520D /* Build configuration list for PBXNativeTarget "CSVReader" */ = {
			isa = XCConfigurationList;
			buildConfigurations = (
				5095C12F27F4698900F9520D /* Debug */,
				5095C13027F4698900F9520D /* Release */,
			);
			defaultConfigurationIsVisible = 0;
			defaultConfigurationName = Release;
		};
		5095C13127F4698900F9520D /* Build configuration list for PBXNativeTarget "CSVReaderTests" */ = {
			isa = XCConfigurationList;
			buildConfigurations = (
				5095C13227F4698900F9520D /* Debug */,
				5095C13327F4698900F9520D /* Release */,
			);
			defaultConfigurationIsVisible = 0;
			defaultConfigurationName = Release;
		};
		5095C13427F4698900F9520D /* Build configuration list for PBXNativeTarget "CSVReaderUITests" */ = {
			isa = XCConfigurationList;
			buildConfigurations = (
				5095C13527F4698900F9520D /* Debug */,
				5095C13627F4698900F9520D /* Release */,
			);
			defaultConfigurationIsVisible = 0;
			defaultConfigurationName = Release;
		};
/* End XCConfigurationList section */
	};
	rootObject = 5095C0FC27F4698800F9520D /* Project object */;
}
